{
  "version": 4,
  "terraform_version": "1.10.4",
  "serial": 29,
  "lineage": "b09df51d-56f6-67fe-b233-25756c27bdcd",
  "outputs": {},
  "resources": [
    {
      "module": "module.vpc",
      "mode": "data",
      "type": "aws_availability_zones",
      "name": "available",
      "provider": "provider[\"registry.terraform.io/hashicorp/aws\"]",
      "instances": [
        {
          "schema_version": 0,
          "attributes": {
            "all_availability_zones": null,
            "exclude_names": null,
            "exclude_zone_ids": null,
            "filter": null,
            "group_names": [
              "us-east-1-zg-1"
            ],
            "id": "us-east-1",
            "names": [
              "us-east-1a",
              "us-east-1b",
              "us-east-1c",
              "us-east-1d",
              "us-east-1e",
              "us-east-1f"
            ],
            "state": "available",
            "timeouts": null,
            "zone_ids": [
              "use1-az6",
              "use1-az1",
              "use1-az2",
              "use1-az4",
              "use1-az3",
              "use1-az5"
            ]
          },
          "sensitive_attributes": []
        }
      ]
    },
    {
      "module": "module.vpc",
      "mode": "managed",
      "type": "aws_cloudwatch_log_group",
      "name": "vpc_flow_logs",
      "provider": "provider[\"registry.terraform.io/hashicorp/aws\"]",
      "instances": [
        {
          "index_key": 0,
          "schema_version": 0,
          "attributes": {
            "arn": "arn:aws:logs:us-east-1:725510651649:log-group:/aws/vpc/flowlogs/domain-join-automation-dev",
            "id": "/aws/vpc/flowlogs/domain-join-automation-dev",
            "kms_key_id": "",
            "log_group_class": "STANDARD",
            "name": "/aws/vpc/flowlogs/domain-join-automation-dev",
            "name_prefix": "",
            "retention_in_days": 14,
            "skip_destroy": false,
            "tags": {
              "CreatedBy": "terraform",
              "Environment": "dev",
              "ManagedBy": "Terraform",
              "Name": "domain-join-automation-dev-vpc-flowlogs",
              "Project": "domain-join-automation",
              "Type": "LogGroup"
            },
            "tags_all": {
              "CreatedBy": "terraform",
              "Environment": "dev",
              "ManagedBy": "Terraform",
              "Name": "domain-join-automation-dev-vpc-flowlogs",
              "Project": "domain-join-automation",
              "Type": "LogGroup"
            }
          },
          "sensitive_attributes": [],
          "private": "bnVsbA=="
        }
      ]
    },
    {
      "module": "module.vpc",
      "mode": "managed",
      "type": "aws_eip",
      "name": "eip",
      "provider": "provider[\"registry.terraform.io/hashicorp/aws\"]",
      "instances": [
        {
          "index_key": 0,
          "schema_version": 0,
          "attributes": {
            "address": null,
            "allocation_id": "eipalloc-095a1e18f4b71dce2",
            "arn": "arn:aws:ec2:us-east-1:725510651649:elastic-ip/eipalloc-095a1e18f4b71dce2",
            "associate_with_private_ip": null,
            "association_id": "",
            "carrier_ip": "",
            "customer_owned_ip": "",
            "customer_owned_ipv4_pool": "",
            "domain": "vpc",
            "id": "eipalloc-095a1e18f4b71dce2",
            "instance": "",
            "ipam_pool_id": null,
            "network_border_group": "us-east-1",
            "network_interface": "",
            "private_dns": null,
            "private_ip": "",
            "ptr_record": "",
            "public_dns": "ec2-13-219-34-32.compute-1.amazonaws.com",
            "public_ip": "13.219.34.32",
            "public_ipv4_pool": "amazon",
            "tags": {
              "CreatedBy": "terraform",
              "Environment": "dev",
              "ManagedBy": "Terraform",
              "Name": "domain-join-automation-dev-eip-nat-1",
              "Project": "domain-join-automation",
              "Type": "ElasticIP"
            },
            "tags_all": {
              "CreatedBy": "terraform",
              "Environment": "dev",
              "ManagedBy": "Terraform",
              "Name": "domain-join-automation-dev-eip-nat-1",
              "Project": "domain-join-automation",
              "Type": "ElasticIP"
            },
            "timeouts": null,
            "vpc": true
          },
          "sensitive_attributes": [],
          "private": "eyJlMmJmYjczMC1lY2FhLTExZTYtOGY4OC0zNDM2M2JjN2M0YzAiOnsiZGVsZXRlIjoxODAwMDAwMDAwMDAsInJlYWQiOjkwMDAwMDAwMDAwMCwidXBkYXRlIjozMDAwMDAwMDAwMDB9fQ==",
          "dependencies": [
            "module.vpc.aws_internet_gateway.igw",
            "module.vpc.aws_vpc.vpc"
          ]
        },
        {
          "index_key": 1,
          "schema_version": 0,
          "attributes": {
            "address": null,
            "allocation_id": "eipalloc-02bce6d9d4b8d8f40",
            "arn": "arn:aws:ec2:us-east-1:725510651649:elastic-ip/eipalloc-02bce6d9d4b8d8f40",
            "associate_with_private_ip": null,
            "association_id": "",
            "carrier_ip": "",
            "customer_owned_ip": "",
            "customer_owned_ipv4_pool": "",
            "domain": "vpc",
            "id": "eipalloc-02bce6d9d4b8d8f40",
            "instance": "",
            "ipam_pool_id": null,
            "network_border_group": "us-east-1",
            "network_interface": "",
            "private_dns": null,
            "private_ip": "",
            "ptr_record": "",
            "public_dns": "ec2-44-210-210-106.compute-1.amazonaws.com",
            "public_ip": "44.210.210.106",
            "public_ipv4_pool": "amazon",
            "tags": {
              "CreatedBy": "terraform",
              "Environment": "dev",
              "ManagedBy": "Terraform",
              "Name": "domain-join-automation-dev-eip-nat-2",
              "Project": "domain-join-automation",
              "Type": "ElasticIP"
            },
            "tags_all": {
              "CreatedBy": "terraform",
              "Environment": "dev",
              "ManagedBy": "Terraform",
              "Name": "domain-join-automation-dev-eip-nat-2",
              "Project": "domain-join-automation",
              "Type": "ElasticIP"
            },
            "timeouts": null,
            "vpc": true
          },
          "sensitive_attributes": [],
          "private": "eyJlMmJmYjczMC1lY2FhLTExZTYtOGY4OC0zNDM2M2JjN2M0YzAiOnsiZGVsZXRlIjoxODAwMDAwMDAwMDAsInJlYWQiOjkwMDAwMDAwMDAwMCwidXBkYXRlIjozMDAwMDAwMDAwMDB9fQ==",
          "dependencies": [
            "module.vpc.aws_internet_gateway.igw",
            "module.vpc.aws_vpc.vpc"
          ]
        },
        {
          "index_key": 2,
          "schema_version": 0,
          "attributes": {
            "address": null,
            "allocation_id": "eipalloc-0ae882ce93544d55d",
            "arn": "arn:aws:ec2:us-east-1:725510651649:elastic-ip/eipalloc-0ae882ce93544d55d",
            "associate_with_private_ip": null,
            "association_id": "",
            "carrier_ip": "",
            "customer_owned_ip": "",
            "customer_owned_ipv4_pool": "",
            "domain": "vpc",
            "id": "eipalloc-0ae882ce93544d55d",
            "instance": "",
            "ipam_pool_id": null,
            "network_border_group": "us-east-1",
            "network_interface": "",
            "private_dns": null,
            "private_ip": "",
            "ptr_record": "",
            "public_dns": "ec2-98-83-73-202.compute-1.amazonaws.com",
            "public_ip": "98.83.73.202",
            "public_ipv4_pool": "amazon",
            "tags": {
              "CreatedBy": "terraform",
              "Environment": "dev",
              "ManagedBy": "Terraform",
              "Name": "domain-join-automation-dev-eip-nat-3",
              "Project": "domain-join-automation",
              "Type": "ElasticIP"
            },
            "tags_all": {
              "CreatedBy": "terraform",
              "Environment": "dev",
              "ManagedBy": "Terraform",
              "Name": "domain-join-automation-dev-eip-nat-3",
              "Project": "domain-join-automation",
              "Type": "ElasticIP"
            },
            "timeouts": null,
            "vpc": true
          },
          "sensitive_attributes": [],
          "private": "eyJlMmJmYjczMC1lY2FhLTExZTYtOGY4OC0zNDM2M2JjN2M0YzAiOnsiZGVsZXRlIjoxODAwMDAwMDAwMDAsInJlYWQiOjkwMDAwMDAwMDAwMCwidXBkYXRlIjozMDAwMDAwMDAwMDB9fQ==",
          "dependencies": [
            "module.vpc.aws_internet_gateway.igw",
            "module.vpc.aws_vpc.vpc"
          ]
        }
      ]
    },
    {
      "module": "module.vpc",
      "mode": "managed",
      "type": "aws_flow_log",
      "name": "vpc_flow_logs",
      "provider": "provider[\"registry.terraform.io/hashicorp/aws\"]",
      "instances": [
        {
          "index_key": 0,
          "schema_version": 0,
          "attributes": {
            "arn": "arn:aws:ec2:us-east-1:725510651649:vpc-flow-log/fl-05ebc2a9cc49588bd",
            "deliver_cross_account_role": "",
            "destination_options": [],
            "eni_id": null,
            "iam_role_arn": "arn:aws:iam::725510651649:role/domain-join-automation-dev-vpc-flowlog-role",
            "id": "fl-05ebc2a9cc49588bd",
            "log_destination": "arn:aws:logs:us-east-1:725510651649:log-group:/aws/vpc/flowlogs/domain-join-automation-dev",
            "log_destination_type": "cloud-watch-logs",
            "log_format": "${version} ${account-id} ${interface-id} ${srcaddr} ${dstaddr} ${srcport} ${dstport} ${protocol} ${packets} ${bytes} ${start} ${end} ${action} ${log-status}",
            "log_group_name": "/aws/vpc/flowlogs/domain-join-automation-dev",
            "max_aggregation_interval": 600,
            "subnet_id": null,
            "tags": null,
            "tags_all": {
              "CreatedBy": "terraform",
              "Environment": "dev",
              "ManagedBy": "Terraform",
              "Project": "domain-join-automation"
            },
            "traffic_type": "ALL",
            "transit_gateway_attachment_id": null,
            "transit_gateway_id": null,
            "vpc_id": "vpc-00103e1fef8610cc4"
          },
          "sensitive_attributes": [],
          "private": "bnVsbA==",
          "dependencies": [
            "module.vpc.aws_cloudwatch_log_group.vpc_flow_logs",
            "module.vpc.aws_iam_role.flow_logs_iam_role",
            "module.vpc.aws_vpc.vpc"
          ]
        }
      ]
    },
    {
      "module": "module.vpc",
      "mode": "managed",
      "type": "aws_iam_role",
      "name": "flow_logs_iam_role",
      "provider": "provider[\"registry.terraform.io/hashicorp/aws\"]",
      "instances": [
        {
          "index_key": 0,
          "schema_version": 0,
          "attributes": {
            "arn": "arn:aws:iam::725510651649:role/domain-join-automation-dev-vpc-flowlog-role",
            "assume_role_policy": "{\"Statement\":[{\"Action\":\"sts:AssumeRole\",\"Effect\":\"Allow\",\"Principal\":{\"Service\":\"vpc-flow-logs.amazonaws.com\"}}],\"Version\":\"2012-10-17\"}",
            "create_date": "2025-06-19T19:39:28Z",
            "description": "",
            "force_detach_policies": false,
            "id": "domain-join-automation-dev-vpc-flowlog-role",
            "inline_policy": [],
            "managed_policy_arns": [],
            "max_session_duration": 3600,
            "name": "domain-join-automation-dev-vpc-flowlog-role",
            "name_prefix": "",
            "path": "/",
            "permissions_boundary": "",
            "tags": {
              "CreatedBy": "terraform",
              "Environment": "dev",
              "ManagedBy": "Terraform",
              "Project": "domain-join-automation"
            },
            "tags_all": {
              "CreatedBy": "terraform",
              "Environment": "dev",
              "ManagedBy": "Terraform",
              "Project": "domain-join-automation"
            },
            "unique_id": "AROA2R26N74A2CXLZZ5W7"
          },
          "sensitive_attributes": [],
          "private": "bnVsbA=="
        }
      ]
    },
    {
      "module": "module.vpc",
      "mode": "managed",
      "type": "aws_iam_role_policy",
      "name": "flow_logs_iam_policy",
      "provider": "provider[\"registry.terraform.io/hashicorp/aws\"]",
      "instances": [
        {
          "index_key": 0,
          "schema_version": 0,
          "attributes": {
            "id": "domain-join-automation-dev-vpc-flowlog-role:domain-join-automation-dev-vpc-flowlog-policy",
            "name": "domain-join-automation-dev-vpc-flowlog-policy",
            "name_prefix": "",
            "policy": "{\"Version\":\"2012-10-17\",\"Statement\":[{\"Action\":[\"logs:CreateLogGroup\",\"logs:CreateLogStream\",\"logs:PutLogEvents\",\"logs:DescribeLogGroups\",\"logs:DescribeLogStreams\"],\"Effect\":\"Allow\",\"Resource\":\"*\"}]}",
            "role": "domain-join-automation-dev-vpc-flowlog-role"
          },
          "sensitive_attributes": [],
          "private": "bnVsbA==",
          "dependencies": [
            "module.vpc.aws_iam_role.flow_logs_iam_role"
          ]
        }
      ]
    },
    {
      "module": "module.vpc",
      "mode": "managed",
      "type": "aws_internet_gateway",
      "name": "igw",
      "provider": "provider[\"registry.terraform.io/hashicorp/aws\"]",
      "instances": [
        {
          "schema_version": 0,
          "attributes": {
            "arn": "arn:aws:ec2:us-east-1:725510651649:internet-gateway/igw-06cd8416caae8ecb1",
            "id": "igw-06cd8416caae8ecb1",
            "owner_id": "725510651649",
            "tags": {
              "CreatedBy": "terraform",
              "Environment": "dev",
              "ManagedBy": "Terraform",
              "Name": "domain-join-automation-dev-igw",
              "Project": "domain-join-automation",
              "Type": "InternetGateway"
            },
            "tags_all": {
              "CreatedBy": "terraform",
              "Environment": "dev",
              "ManagedBy": "Terraform",
              "Name": "domain-join-automation-dev-igw",
              "Project": "domain-join-automation",
              "Type": "InternetGateway"
            },
            "timeouts": null,
            "vpc_id": "vpc-00103e1fef8610cc4"
          },
          "sensitive_attributes": [],
          "private": "eyJlMmJmYjczMC1lY2FhLTExZTYtOGY4OC0zNDM2M2JjN2M0YzAiOnsiY3JlYXRlIjoxMjAwMDAwMDAwMDAwLCJkZWxldGUiOjEyMDAwMDAwMDAwMDAsInVwZGF0ZSI6MTIwMDAwMDAwMDAwMH19",
          "dependencies": [
            "module.vpc.aws_vpc.vpc"
          ]
        }
      ]
    },
    {
      "module": "module.vpc",
      "mode": "managed",
      "type": "aws_nat_gateway",
      "name": "nat",
      "provider": "provider[\"registry.terraform.io/hashicorp/aws\"]",
      "instances": [
        {
          "index_key": 0,
          "schema_version": 0,
          "attributes": {
            "allocation_id": "eipalloc-095a1e18f4b71dce2",
            "association_id": "eipassoc-0e7079ef10e055b28",
            "connectivity_type": "public",
            "id": "nat-01d8502969f27c851",
            "network_interface_id": "eni-0fb1fdb7b6ae1ef9d",
            "private_ip": "10.0.1.50",
            "public_ip": "13.219.34.32",
            "secondary_allocation_ids": null,
            "secondary_private_ip_address_count": 0,
            "secondary_private_ip_addresses": [],
            "subnet_id": "subnet-07d752a260f8454fe",
            "tags": {
              "CreatedBy": "terraform",
              "Environment": "dev",
              "ManagedBy": "Terraform",
              "Name": "domain-join-automation-dev-nat-1",
              "Project": "domain-join-automation",
              "Type": "NATGateway"
            },
            "tags_all": {
              "CreatedBy": "terraform",
              "Environment": "dev",
              "ManagedBy": "Terraform",
              "Name": "domain-join-automation-dev-nat-1",
              "Project": "domain-join-automation",
              "Type": "NATGateway"
            },
            "timeouts": null
          },
          "sensitive_attributes": [],
          "private": "eyJlMmJmYjczMC1lY2FhLTExZTYtOGY4OC0zNDM2M2JjN2M0YzAiOnsiY3JlYXRlIjo2MDAwMDAwMDAwMDAsImRlbGV0ZSI6MTgwMDAwMDAwMDAwMCwidXBkYXRlIjo2MDAwMDAwMDAwMDB9fQ==",
          "dependencies": [
            "module.vpc.aws_eip.eip",
            "module.vpc.aws_internet_gateway.igw",
            "module.vpc.aws_subnet.public_subnet",
            "module.vpc.aws_vpc.vpc"
          ]
        },
        {
          "index_key": 1,
          "schema_version": 0,
          "attributes": {
            "allocation_id": "eipalloc-02bce6d9d4b8d8f40",
            "association_id": "eipassoc-0652f886db5537d14",
            "connectivity_type": "public",
            "id": "nat-015188e6aa8cf473d",
            "network_interface_id": "eni-02021c643a001e7f5",
            "private_ip": "10.0.2.40",
            "public_ip": "44.210.210.106",
            "secondary_allocation_ids": null,
            "secondary_private_ip_address_count": 0,
            "secondary_private_ip_addresses": [],
            "subnet_id": "subnet-0f9d3b7c007bdb25e",
            "tags": {
              "CreatedBy": "terraform",
              "Environment": "dev",
              "ManagedBy": "Terraform",
              "Name": "domain-join-automation-dev-nat-2",
              "Project": "domain-join-automation",
              "Type": "NATGateway"
            },
            "tags_all": {
              "CreatedBy": "terraform",
              "Environment": "dev",
              "ManagedBy": "Terraform",
              "Name": "domain-join-automation-dev-nat-2",
              "Project": "domain-join-automation",
              "Type": "NATGateway"
            },
            "timeouts": null
          },
          "sensitive_attributes": [],
          "private": "eyJlMmJmYjczMC1lY2FhLTExZTYtOGY4OC0zNDM2M2JjN2M0YzAiOnsiY3JlYXRlIjo2MDAwMDAwMDAwMDAsImRlbGV0ZSI6MTgwMDAwMDAwMDAwMCwidXBkYXRlIjo2MDAwMDAwMDAwMDB9fQ==",
          "dependencies": [
            "module.vpc.aws_eip.eip",
            "module.vpc.aws_internet_gateway.igw",
            "module.vpc.aws_subnet.public_subnet",
            "module.vpc.aws_vpc.vpc"
          ]
        },
        {
          "index_key": 2,
          "schema_version": 0,
          "attributes": {
            "allocation_id": "eipalloc-0ae882ce93544d55d",
            "association_id": "eipassoc-0324c6a8ec96d5ca5",
            "connectivity_type": "public",
            "id": "nat-0efae91b2b1f63e3a",
            "network_interface_id": "eni-02d3f78113c76f2ca",
            "private_ip": "10.0.3.18",
            "public_ip": "98.83.73.202",
            "secondary_allocation_ids": null,
            "secondary_private_ip_address_count": 0,
            "secondary_private_ip_addresses": [],
            "subnet_id": "subnet-061044a61588cd2f2",
            "tags": {
              "CreatedBy": "terraform",
              "Environment": "dev",
              "ManagedBy": "Terraform",
              "Name": "domain-join-automation-dev-nat-3",
              "Project": "domain-join-automation",
              "Type": "NATGateway"
            },
            "tags_all": {
              "CreatedBy": "terraform",
              "Environment": "dev",
              "ManagedBy": "Terraform",
              "Name": "domain-join-automation-dev-nat-3",
              "Project": "domain-join-automation",
              "Type": "NATGateway"
            },
            "timeouts": null
          },
          "sensitive_attributes": [],
          "private": "eyJlMmJmYjczMC1lY2FhLTExZTYtOGY4OC0zNDM2M2JjN2M0YzAiOnsiY3JlYXRlIjo2MDAwMDAwMDAwMDAsImRlbGV0ZSI6MTgwMDAwMDAwMDAwMCwidXBkYXRlIjo2MDAwMDAwMDAwMDB9fQ==",
          "dependencies": [
            "module.vpc.aws_eip.eip",
            "module.vpc.aws_internet_gateway.igw",
            "module.vpc.aws_subnet.public_subnet",
            "module.vpc.aws_vpc.vpc"
          ]
        }
      ]
    },
    {
      "module": "module.vpc",
      "mode": "managed",
      "type": "aws_route_table",
      "name": "private-rt",
      "provider": "provider[\"registry.terraform.io/hashicorp/aws\"]",
      "instances": [
        {
          "index_key": 0,
          "schema_version": 0,
          "attributes": {
            "arn": "arn:aws:ec2:us-east-1:725510651649:route-table/rtb-07b3b1467ee1d1991",
            "id": "rtb-07b3b1467ee1d1991",
            "owner_id": "725510651649",
            "propagating_vgws": [],
            "route": [
              {
                "carrier_gateway_id": "",
                "cidr_block": "0.0.0.0/0",
                "core_network_arn": "",
                "destination_prefix_list_id": "",
                "egress_only_gateway_id": "",
                "gateway_id": "",
                "ipv6_cidr_block": "",
                "local_gateway_id": "",
                "nat_gateway_id": "nat-01d8502969f27c851",
                "network_interface_id": "",
                "transit_gateway_id": "",
                "vpc_endpoint_id": "",
                "vpc_peering_connection_id": ""
              }
            ],
            "tags": {
              "CreatedBy": "terraform",
              "Environment": "dev",
              "ManagedBy": "Terraform",
              "Name": "domain-join-automation-dev-rt-private-1",
              "Project": "domain-join-automation",
              "Type": "RouteTable"
            },
            "tags_all": {
              "CreatedBy": "terraform",
              "Environment": "dev",
              "ManagedBy": "Terraform",
              "Name": "domain-join-automation-dev-rt-private-1",
              "Project": "domain-join-automation",
              "Type": "RouteTable"
            },
            "timeouts": null,
            "vpc_id": "vpc-00103e1fef8610cc4"
          },
          "sensitive_attributes": [],
          "private": "eyJlMmJmYjczMC1lY2FhLTExZTYtOGY4OC0zNDM2M2JjN2M0YzAiOnsiY3JlYXRlIjozMDAwMDAwMDAwMDAsImRlbGV0ZSI6MzAwMDAwMDAwMDAwLCJ1cGRhdGUiOjEyMDAwMDAwMDAwMH19",
          "dependencies": [
            "module.vpc.aws_eip.eip",
            "module.vpc.aws_internet_gateway.igw",
            "module.vpc.aws_nat_gateway.nat",
            "module.vpc.aws_subnet.public_subnet",
            "module.vpc.aws_vpc.vpc"
          ]
        },
        {
          "index_key": 1,
          "schema_version": 0,
          "attributes": {
            "arn": "arn:aws:ec2:us-east-1:725510651649:route-table/rtb-05b8ce6a7db371352",
            "id": "rtb-05b8ce6a7db371352",
            "owner_id": "725510651649",
            "propagating_vgws": [],
            "route": [
              {
                "carrier_gateway_id": "",
                "cidr_block": "0.0.0.0/0",
                "core_network_arn": "",
                "destination_prefix_list_id": "",
                "egress_only_gateway_id": "",
                "gateway_id": "",
                "ipv6_cidr_block": "",
                "local_gateway_id": "",
                "nat_gateway_id": "nat-015188e6aa8cf473d",
                "network_interface_id": "",
                "transit_gateway_id": "",
                "vpc_endpoint_id": "",
                "vpc_peering_connection_id": ""
              }
            ],
            "tags": {
              "CreatedBy": "terraform",
              "Environment": "dev",
              "ManagedBy": "Terraform",
              "Name": "domain-join-automation-dev-rt-private-2",
              "Project": "domain-join-automation",
              "Type": "RouteTable"
            },
            "tags_all": {
              "CreatedBy": "terraform",
              "Environment": "dev",
              "ManagedBy": "Terraform",
              "Name": "domain-join-automation-dev-rt-private-2",
              "Project": "domain-join-automation",
              "Type": "RouteTable"
            },
            "timeouts": null,
            "vpc_id": "vpc-00103e1fef8610cc4"
          },
          "sensitive_attributes": [],
          "private": "eyJlMmJmYjczMC1lY2FhLTExZTYtOGY4OC0zNDM2M2JjN2M0YzAiOnsiY3JlYXRlIjozMDAwMDAwMDAwMDAsImRlbGV0ZSI6MzAwMDAwMDAwMDAwLCJ1cGRhdGUiOjEyMDAwMDAwMDAwMH19",
          "dependencies": [
            "module.vpc.aws_eip.eip",
            "module.vpc.aws_internet_gateway.igw",
            "module.vpc.aws_nat_gateway.nat",
            "module.vpc.aws_subnet.public_subnet",
            "module.vpc.aws_vpc.vpc"
          ]
        },
        {
          "index_key": 2,
          "schema_version": 0,
          "attributes": {
            "arn": "arn:aws:ec2:us-east-1:725510651649:route-table/rtb-0dee6829b15c3174f",
            "id": "rtb-0dee6829b15c3174f",
            "owner_id": "725510651649",
            "propagating_vgws": [],
            "route": [
              {
                "carrier_gateway_id": "",
                "cidr_block": "0.0.0.0/0",
                "core_network_arn": "",
                "destination_prefix_list_id": "",
                "egress_only_gateway_id": "",
                "gateway_id": "",
                "ipv6_cidr_block": "",
                "local_gateway_id": "",
                "nat_gateway_id": "nat-0efae91b2b1f63e3a",
                "network_interface_id": "",
                "transit_gateway_id": "",
                "vpc_endpoint_id": "",
                "vpc_peering_connection_id": ""
              }
            ],
            "tags": {
              "CreatedBy": "terraform",
              "Environment": "dev",
              "ManagedBy": "Terraform",
              "Name": "domain-join-automation-dev-rt-private-3",
              "Project": "domain-join-automation",
              "Type": "RouteTable"
            },
            "tags_all": {
              "CreatedBy": "terraform",
              "Environment": "dev",
              "ManagedBy": "Terraform",
              "Name": "domain-join-automation-dev-rt-private-3",
              "Project": "domain-join-automation",
              "Type": "RouteTable"
            },
            "timeouts": null,
            "vpc_id": "vpc-00103e1fef8610cc4"
          },
          "sensitive_attributes": [],
          "private": "eyJlMmJmYjczMC1lY2FhLTExZTYtOGY4OC0zNDM2M2JjN2M0YzAiOnsiY3JlYXRlIjozMDAwMDAwMDAwMDAsImRlbGV0ZSI6MzAwMDAwMDAwMDAwLCJ1cGRhdGUiOjEyMDAwMDAwMDAwMH19",
          "dependencies": [
            "module.vpc.aws_eip.eip",
            "module.vpc.aws_internet_gateway.igw",
            "module.vpc.aws_nat_gateway.nat",
            "module.vpc.aws_subnet.public_subnet",
            "module.vpc.aws_vpc.vpc"
          ]
        }
      ]
    },
    {
      "module": "module.vpc",
      "mode": "managed",
      "type": "aws_route_table",
      "name": "public-rt",
      "provider": "provider[\"registry.terraform.io/hashicorp/aws\"]",
      "instances": [
        {
          "schema_version": 0,
          "attributes": {
            "arn": "arn:aws:ec2:us-east-1:725510651649:route-table/rtb-089e19ad5d81fb2cb",
            "id": "rtb-089e19ad5d81fb2cb",
            "owner_id": "725510651649",
            "propagating_vgws": [],
            "route": [
              {
                "carrier_gateway_id": "",
                "cidr_block": "0.0.0.0/0",
                "core_network_arn": "",
                "destination_prefix_list_id": "",
                "egress_only_gateway_id": "",
                "gateway_id": "igw-06cd8416caae8ecb1",
                "ipv6_cidr_block": "",
                "local_gateway_id": "",
                "nat_gateway_id": "",
                "network_interface_id": "",
                "transit_gateway_id": "",
                "vpc_endpoint_id": "",
                "vpc_peering_connection_id": ""
              }
            ],
            "tags": {
              "CreatedBy": "terraform",
              "Environment": "dev",
              "ManagedBy": "Terraform",
              "Name": "domain-join-automation-dev-rt-public",
              "Project": "domain-join-automation",
              "Type": "RouteTable"
            },
            "tags_all": {
              "CreatedBy": "terraform",
              "Environment": "dev",
              "ManagedBy": "Terraform",
              "Name": "domain-join-automation-dev-rt-public",
              "Project": "domain-join-automation",
              "Type": "RouteTable"
            },
            "timeouts": null,
            "vpc_id": "vpc-00103e1fef8610cc4"
          },
          "sensitive_attributes": [],
          "private": "eyJlMmJmYjczMC1lY2FhLTExZTYtOGY4OC0zNDM2M2JjN2M0YzAiOnsiY3JlYXRlIjozMDAwMDAwMDAwMDAsImRlbGV0ZSI6MzAwMDAwMDAwMDAwLCJ1cGRhdGUiOjEyMDAwMDAwMDAwMH19",
          "dependencies": [
            "module.vpc.aws_internet_gateway.igw",
            "module.vpc.aws_vpc.vpc"
          ]
        }
      ]
    },
    {
      "module": "module.vpc",
      "mode": "managed",
      "type": "aws_route_table_association",
      "name": "private-rt",
      "provider": "provider[\"registry.terraform.io/hashicorp/aws\"]",
      "instances": [
        {
          "index_key": 0,
          "schema_version": 0,
          "attributes": {
            "gateway_id": "",
            "id": "rtbassoc-0c9041701b7cf154d",
            "route_table_id": "rtb-07b3b1467ee1d1991",
            "subnet_id": "subnet-095e8c8c249dd780a",
            "timeouts": null
          },
          "sensitive_attributes": [],
          "private": "eyJlMmJmYjczMC1lY2FhLTExZTYtOGY4OC0zNDM2M2JjN2M0YzAiOnsiY3JlYXRlIjozMDAwMDAwMDAwMDAsImRlbGV0ZSI6MzAwMDAwMDAwMDAwLCJ1cGRhdGUiOjEyMDAwMDAwMDAwMH19",
          "dependencies": [
            "module.vpc.aws_eip.eip",
            "module.vpc.aws_internet_gateway.igw",
            "module.vpc.aws_nat_gateway.nat",
            "module.vpc.aws_route_table.private-rt",
            "module.vpc.aws_subnet.private_subnet",
            "module.vpc.aws_subnet.public_subnet",
            "module.vpc.aws_vpc.vpc"
          ]
        },
        {
          "index_key": 1,
          "schema_version": 0,
          "attributes": {
            "gateway_id": "",
            "id": "rtbassoc-03d50bc0a9679dc7d",
            "route_table_id": "rtb-05b8ce6a7db371352",
            "subnet_id": "subnet-0c097d442f86873fb",
            "timeouts": null
          },
          "sensitive_attributes": [],
          "private": "eyJlMmJmYjczMC1lY2FhLTExZTYtOGY4OC0zNDM2M2JjN2M0YzAiOnsiY3JlYXRlIjozMDAwMDAwMDAwMDAsImRlbGV0ZSI6MzAwMDAwMDAwMDAwLCJ1cGRhdGUiOjEyMDAwMDAwMDAwMH19",
          "dependencies": [
            "module.vpc.aws_eip.eip",
            "module.vpc.aws_internet_gateway.igw",
            "module.vpc.aws_nat_gateway.nat",
            "module.vpc.aws_route_table.private-rt",
            "module.vpc.aws_subnet.private_subnet",
            "module.vpc.aws_subnet.public_subnet",
            "module.vpc.aws_vpc.vpc"
          ]
        },
        {
          "index_key": 2,
          "schema_version": 0,
          "attributes": {
            "gateway_id": "",
            "id": "rtbassoc-013b8e10ecfe82e93",
            "route_table_id": "rtb-0dee6829b15c3174f",
            "subnet_id": "subnet-081fbe3b23f1c475d",
            "timeouts": null
          },
          "sensitive_attributes": [],
          "private": "eyJlMmJmYjczMC1lY2FhLTExZTYtOGY4OC0zNDM2M2JjN2M0YzAiOnsiY3JlYXRlIjozMDAwMDAwMDAwMDAsImRlbGV0ZSI6MzAwMDAwMDAwMDAwLCJ1cGRhdGUiOjEyMDAwMDAwMDAwMH19",
          "dependencies": [
            "module.vpc.aws_eip.eip",
            "module.vpc.aws_internet_gateway.igw",
            "module.vpc.aws_nat_gateway.nat",
            "module.vpc.aws_route_table.private-rt",
            "module.vpc.aws_subnet.private_subnet",
            "module.vpc.aws_subnet.public_subnet",
            "module.vpc.aws_vpc.vpc"
          ]
        }
      ]
    },
    {
      "module": "module.vpc",
      "mode": "managed",
      "type": "aws_route_table_association",
      "name": "public-rt",
      "provider": "provider[\"registry.terraform.io/hashicorp/aws\"]",
      "instances": [
        {
          "index_key": 0,
          "schema_version": 0,
          "attributes": {
            "gateway_id": "",
            "id": "rtbassoc-04ce57859fb8e25b9",
            "route_table_id": "rtb-089e19ad5d81fb2cb",
            "subnet_id": "subnet-07d752a260f8454fe",
            "timeouts": null
          },
          "sensitive_attributes": [],
          "private": "eyJlMmJmYjczMC1lY2FhLTExZTYtOGY4OC0zNDM2M2JjN2M0YzAiOnsiY3JlYXRlIjozMDAwMDAwMDAwMDAsImRlbGV0ZSI6MzAwMDAwMDAwMDAwLCJ1cGRhdGUiOjEyMDAwMDAwMDAwMH19",
          "dependencies": [
            "module.vpc.aws_internet_gateway.igw",
            "module.vpc.aws_route_table.public-rt",
            "module.vpc.aws_subnet.public_subnet",
            "module.vpc.aws_vpc.vpc"
          ]
        },
        {
          "index_key": 1,
          "schema_version": 0,
          "attributes": {
            "gateway_id": "",
            "id": "rtbassoc-0b9bb6164a7f0eb56",
            "route_table_id": "rtb-089e19ad5d81fb2cb",
            "subnet_id": "subnet-0f9d3b7c007bdb25e",
            "timeouts": null
          },
          "sensitive_attributes": [],
          "private": "eyJlMmJmYjczMC1lY2FhLTExZTYtOGY4OC0zNDM2M2JjN2M0YzAiOnsiY3JlYXRlIjozMDAwMDAwMDAwMDAsImRlbGV0ZSI6MzAwMDAwMDAwMDAwLCJ1cGRhdGUiOjEyMDAwMDAwMDAwMH19",
          "dependencies": [
            "module.vpc.aws_internet_gateway.igw",
            "module.vpc.aws_route_table.public-rt",
            "module.vpc.aws_subnet.public_subnet",
            "module.vpc.aws_vpc.vpc"
          ]
        },
        {
          "index_key": 2,
          "schema_version": 0,
          "attributes": {
            "gateway_id": "",
            "id": "rtbassoc-0d46353f7f10094d9",
            "route_table_id": "rtb-089e19ad5d81fb2cb",
            "subnet_id": "subnet-061044a61588cd2f2",
            "timeouts": null
          },
          "sensitive_attributes": [],
          "private": "eyJlMmJmYjczMC1lY2FhLTExZTYtOGY4OC0zNDM2M2JjN2M0YzAiOnsiY3JlYXRlIjozMDAwMDAwMDAwMDAsImRlbGV0ZSI6MzAwMDAwMDAwMDAwLCJ1cGRhdGUiOjEyMDAwMDAwMDAwMH19",
          "dependencies": [
            "module.vpc.aws_internet_gateway.igw",
            "module.vpc.aws_route_table.public-rt",
            "module.vpc.aws_subnet.public_subnet",
            "module.vpc.aws_vpc.vpc"
          ]
        }
      ]
    },
    {
      "module": "module.vpc",
      "mode": "managed",
      "type": "aws_subnet",
      "name": "private_subnet",
      "provider": "provider[\"registry.terraform.io/hashicorp/aws\"]",
      "instances": [
        {
          "index_key": 0,
          "schema_version": 1,
          "attributes": {
            "arn": "arn:aws:ec2:us-east-1:725510651649:subnet/subnet-095e8c8c249dd780a",
            "assign_ipv6_address_on_creation": false,
            "availability_zone": "us-east-1a",
            "availability_zone_id": "use1-az6",
            "cidr_block": "10.0.11.0/24",
            "customer_owned_ipv4_pool": "",
            "enable_dns64": false,
            "enable_lni_at_device_index": 0,
            "enable_resource_name_dns_a_record_on_launch": false,
            "enable_resource_name_dns_aaaa_record_on_launch": false,
            "id": "subnet-095e8c8c249dd780a",
            "ipv6_cidr_block": "",
            "ipv6_cidr_block_association_id": "",
            "ipv6_native": false,
            "map_customer_owned_ip_on_launch": false,
            "map_public_ip_on_launch": false,
            "outpost_arn": "",
            "owner_id": "725510651649",
            "private_dns_hostname_type_on_launch": "ip-name",
            "tags": {
              "AZ": "us-east-1a",
              "CreatedBy": "terraform",
              "Environment": "dev",
              "ManagedBy": "Terraform",
              "Name": "domain-join-automation-dev-private-1",
              "Project": "domain-join-automation",
              "Type": "PrivateSubnet"
            },
            "tags_all": {
              "AZ": "us-east-1a",
              "CreatedBy": "terraform",
              "Environment": "dev",
              "ManagedBy": "Terraform",
              "Name": "domain-join-automation-dev-private-1",
              "Project": "domain-join-automation",
              "Type": "PrivateSubnet"
            },
            "timeouts": null,
            "vpc_id": "vpc-00103e1fef8610cc4"
          },
          "sensitive_attributes": [],
          "private": "eyJlMmJmYjczMC1lY2FhLTExZTYtOGY4OC0zNDM2M2JjN2M0YzAiOnsiY3JlYXRlIjo2MDAwMDAwMDAwMDAsImRlbGV0ZSI6MTIwMDAwMDAwMDAwMH0sInNjaGVtYV92ZXJzaW9uIjoiMSJ9",
          "dependencies": [
            "module.vpc.aws_vpc.vpc"
          ]
        },
        {
          "index_key": 1,
          "schema_version": 1,
          "attributes": {
            "arn": "arn:aws:ec2:us-east-1:725510651649:subnet/subnet-0c097d442f86873fb",
            "assign_ipv6_address_on_creation": false,
            "availability_zone": "us-east-1b",
            "availability_zone_id": "use1-az1",
            "cidr_block": "10.0.12.0/24",
            "customer_owned_ipv4_pool": "",
            "enable_dns64": false,
            "enable_lni_at_device_index": 0,
            "enable_resource_name_dns_a_record_on_launch": false,
            "enable_resource_name_dns_aaaa_record_on_launch": false,
            "id": "subnet-0c097d442f86873fb",
            "ipv6_cidr_block": "",
            "ipv6_cidr_block_association_id": "",
            "ipv6_native": false,
            "map_customer_owned_ip_on_launch": false,
            "map_public_ip_on_launch": false,
            "outpost_arn": "",
            "owner_id": "725510651649",
            "private_dns_hostname_type_on_launch": "ip-name",
            "tags": {
              "AZ": "us-east-1b",
              "CreatedBy": "terraform",
              "Environment": "dev",
              "ManagedBy": "Terraform",
              "Name": "domain-join-automation-dev-private-2",
              "Project": "domain-join-automation",
              "Type": "PrivateSubnet"
            },
            "tags_all": {
              "AZ": "us-east-1b",
              "CreatedBy": "terraform",
              "Environment": "dev",
              "ManagedBy": "Terraform",
              "Name": "domain-join-automation-dev-private-2",
              "Project": "domain-join-automation",
              "Type": "PrivateSubnet"
            },
            "timeouts": null,
            "vpc_id": "vpc-00103e1fef8610cc4"
          },
          "sensitive_attributes": [],
          "private": "eyJlMmJmYjczMC1lY2FhLTExZTYtOGY4OC0zNDM2M2JjN2M0YzAiOnsiY3JlYXRlIjo2MDAwMDAwMDAwMDAsImRlbGV0ZSI6MTIwMDAwMDAwMDAwMH0sInNjaGVtYV92ZXJzaW9uIjoiMSJ9",
          "dependencies": [
            "module.vpc.aws_vpc.vpc"
          ]
        },
        {
          "index_key": 2,
          "schema_version": 1,
          "attributes": {
            "arn": "arn:aws:ec2:us-east-1:725510651649:subnet/subnet-081fbe3b23f1c475d",
            "assign_ipv6_address_on_creation": false,
            "availability_zone": "us-east-1c",
            "availability_zone_id": "use1-az2",
            "cidr_block": "10.0.13.0/24",
            "customer_owned_ipv4_pool": "",
            "enable_dns64": false,
            "enable_lni_at_device_index": 0,
            "enable_resource_name_dns_a_record_on_launch": false,
            "enable_resource_name_dns_aaaa_record_on_launch": false,
            "id": "subnet-081fbe3b23f1c475d",
            "ipv6_cidr_block": "",
            "ipv6_cidr_block_association_id": "",
            "ipv6_native": false,
            "map_customer_owned_ip_on_launch": false,
            "map_public_ip_on_launch": false,
            "outpost_arn": "",
            "owner_id": "725510651649",
            "private_dns_hostname_type_on_launch": "ip-name",
            "tags": {
              "AZ": "us-east-1c",
              "CreatedBy": "terraform",
              "Environment": "dev",
              "ManagedBy": "Terraform",
              "Name": "domain-join-automation-dev-private-3",
              "Project": "domain-join-automation",
              "Type": "PrivateSubnet"
            },
            "tags_all": {
              "AZ": "us-east-1c",
              "CreatedBy": "terraform",
              "Environment": "dev",
              "ManagedBy": "Terraform",
              "Name": "domain-join-automation-dev-private-3",
              "Project": "domain-join-automation",
              "Type": "PrivateSubnet"
            },
            "timeouts": null,
            "vpc_id": "vpc-00103e1fef8610cc4"
          },
          "sensitive_attributes": [],
          "private": "eyJlMmJmYjczMC1lY2FhLTExZTYtOGY4OC0zNDM2M2JjN2M0YzAiOnsiY3JlYXRlIjo2MDAwMDAwMDAwMDAsImRlbGV0ZSI6MTIwMDAwMDAwMDAwMH0sInNjaGVtYV92ZXJzaW9uIjoiMSJ9",
          "dependencies": [
            "module.vpc.aws_vpc.vpc"
          ]
        }
      ]
    },
    {
      "module": "module.vpc",
      "mode": "managed",
      "type": "aws_subnet",
      "name": "public_subnet",
      "provider": "provider[\"registry.terraform.io/hashicorp/aws\"]",
      "instances": [
        {
          "index_key": 0,
          "schema_version": 1,
          "attributes": {
            "arn": "arn:aws:ec2:us-east-1:725510651649:subnet/subnet-07d752a260f8454fe",
            "assign_ipv6_address_on_creation": false,
            "availability_zone": "us-east-1a",
            "availability_zone_id": "use1-az6",
            "cidr_block": "10.0.1.0/24",
            "customer_owned_ipv4_pool": "",
            "enable_dns64": false,
            "enable_lni_at_device_index": 0,
            "enable_resource_name_dns_a_record_on_launch": false,
            "enable_resource_name_dns_aaaa_record_on_launch": false,
            "id": "subnet-07d752a260f8454fe",
            "ipv6_cidr_block": "",
            "ipv6_cidr_block_association_id": "",
            "ipv6_native": false,
            "map_customer_owned_ip_on_launch": false,
            "map_public_ip_on_launch": true,
            "outpost_arn": "",
            "owner_id": "725510651649",
            "private_dns_hostname_type_on_launch": "ip-name",
            "tags": {
              "AZ": "us-east-1a",
              "CreatedBy": "terraform",
              "Environment": "dev",
              "ManagedBy": "Terraform",
              "Name": "domain-join-automation-dev-public-1",
              "Project": "domain-join-automation",
              "Type": "PublicSubnet"
            },
            "tags_all": {
              "AZ": "us-east-1a",
              "CreatedBy": "terraform",
              "Environment": "dev",
              "ManagedBy": "Terraform",
              "Name": "domain-join-automation-dev-public-1",
              "Project": "domain-join-automation",
              "Type": "PublicSubnet"
            },
            "timeouts": null,
            "vpc_id": "vpc-00103e1fef8610cc4"
          },
          "sensitive_attributes": [],
          "private": "eyJlMmJmYjczMC1lY2FhLTExZTYtOGY4OC0zNDM2M2JjN2M0YzAiOnsiY3JlYXRlIjo2MDAwMDAwMDAwMDAsImRlbGV0ZSI6MTIwMDAwMDAwMDAwMH0sInNjaGVtYV92ZXJzaW9uIjoiMSJ9",
          "dependencies": [
            "module.vpc.aws_vpc.vpc"
          ]
        },
        {
          "index_key": 1,
          "schema_version": 1,
          "attributes": {
            "arn": "arn:aws:ec2:us-east-1:725510651649:subnet/subnet-0f9d3b7c007bdb25e",
            "assign_ipv6_address_on_creation": false,
            "availability_zone": "us-east-1b",
            "availability_zone_id": "use1-az1",
            "cidr_block": "10.0.2.0/24",
            "customer_owned_ipv4_pool": "",
            "enable_dns64": false,
            "enable_lni_at_device_index": 0,
            "enable_resource_name_dns_a_record_on_launch": false,
            "enable_resource_name_dns_aaaa_record_on_launch": false,
            "id": "subnet-0f9d3b7c007bdb25e",
            "ipv6_cidr_block": "",
            "ipv6_cidr_block_association_id": "",
            "ipv6_native": false,
            "map_customer_owned_ip_on_launch": false,
            "map_public_ip_on_launch": true,
            "outpost_arn": "",
            "owner_id": "725510651649",
            "private_dns_hostname_type_on_launch": "ip-name",
            "tags": {
              "AZ": "us-east-1b",
              "CreatedBy": "terraform",
              "Environment": "dev",
              "ManagedBy": "Terraform",
              "Name": "domain-join-automation-dev-public-2",
              "Project": "domain-join-automation",
              "Type": "PublicSubnet"
            },
            "tags_all": {
              "AZ": "us-east-1b",
              "CreatedBy": "terraform",
              "Environment": "dev",
              "ManagedBy": "Terraform",
              "Name": "domain-join-automation-dev-public-2",
              "Project": "domain-join-automation",
              "Type": "PublicSubnet"
            },
            "timeouts": null,
            "vpc_id": "vpc-00103e1fef8610cc4"
          },
          "sensitive_attributes": [],
          "private": "eyJlMmJmYjczMC1lY2FhLTExZTYtOGY4OC0zNDM2M2JjN2M0YzAiOnsiY3JlYXRlIjo2MDAwMDAwMDAwMDAsImRlbGV0ZSI6MTIwMDAwMDAwMDAwMH0sInNjaGVtYV92ZXJzaW9uIjoiMSJ9",
          "dependencies": [
            "module.vpc.aws_vpc.vpc"
          ]
        },
        {
          "index_key": 2,
          "schema_version": 1,
          "attributes": {
            "arn": "arn:aws:ec2:us-east-1:725510651649:subnet/subnet-061044a61588cd2f2",
            "assign_ipv6_address_on_creation": false,
            "availability_zone": "us-east-1c",
            "availability_zone_id": "use1-az2",
            "cidr_block": "10.0.3.0/24",
            "customer_owned_ipv4_pool": "",
            "enable_dns64": false,
            "enable_lni_at_device_index": 0,
            "enable_resource_name_dns_a_record_on_launch": false,
            "enable_resource_name_dns_aaaa_record_on_launch": false,
            "id": "subnet-061044a61588cd2f2",
            "ipv6_cidr_block": "",
            "ipv6_cidr_block_association_id": "",
            "ipv6_native": false,
            "map_customer_owned_ip_on_launch": false,
            "map_public_ip_on_launch": true,
            "outpost_arn": "",
            "owner_id": "725510651649",
            "private_dns_hostname_type_on_launch": "ip-name",
            "tags": {
              "AZ": "us-east-1c",
              "CreatedBy": "terraform",
              "Environment": "dev",
              "ManagedBy": "Terraform",
              "Name": "domain-join-automation-dev-public-3",
              "Project": "domain-join-automation",
              "Type": "PublicSubnet"
            },
            "tags_all": {
              "AZ": "us-east-1c",
              "CreatedBy": "terraform",
              "Environment": "dev",
              "ManagedBy": "Terraform",
              "Name": "domain-join-automation-dev-public-3",
              "Project": "domain-join-automation",
              "Type": "PublicSubnet"
            },
            "timeouts": null,
            "vpc_id": "vpc-00103e1fef8610cc4"
          },
          "sensitive_attributes": [],
          "private": "eyJlMmJmYjczMC1lY2FhLTExZTYtOGY4OC0zNDM2M2JjN2M0YzAiOnsiY3JlYXRlIjo2MDAwMDAwMDAwMDAsImRlbGV0ZSI6MTIwMDAwMDAwMDAwMH0sInNjaGVtYV92ZXJzaW9uIjoiMSJ9",
          "dependencies": [
            "module.vpc.aws_vpc.vpc"
          ]
        }
      ]
    },
    {
      "module": "module.vpc",
      "mode": "managed",
      "type": "aws_vpc",
      "name": "vpc",
      "provider": "provider[\"registry.terraform.io/hashicorp/aws\"]",
      "instances": [
        {
          "schema_version": 1,
          "attributes": {
            "arn": "arn:aws:ec2:us-east-1:725510651649:vpc/vpc-00103e1fef8610cc4",
            "assign_generated_ipv6_cidr_block": false,
            "cidr_block": "10.0.0.0/16",
            "default_network_acl_id": "acl-0a9328a1de1402d24",
            "default_route_table_id": "rtb-0e46530dd8f3be08b",
            "default_security_group_id": "sg-0070c2cb9c5c15a3f",
            "dhcp_options_id": "dopt-054eaaf5c00e4dacb",
            "enable_dns_hostnames": true,
            "enable_dns_support": true,
            "enable_network_address_usage_metrics": false,
            "id": "vpc-00103e1fef8610cc4",
            "instance_tenancy": "default",
            "ipv4_ipam_pool_id": null,
            "ipv4_netmask_length": null,
            "ipv6_association_id": "",
            "ipv6_cidr_block": "",
            "ipv6_cidr_block_network_border_group": "",
            "ipv6_ipam_pool_id": "",
            "ipv6_netmask_length": 0,
            "main_route_table_id": "rtb-0e46530dd8f3be08b",
            "owner_id": "725510651649",
            "tags": {
              "CreatedBy": "terraform",
              "Environment": "dev",
              "ManagedBy": "Terraform",
              "Name": "domain-join-automation-dev-vpc",
              "Project": "domain-join-automation",
              "Type": "VPC"
            },
            "tags_all": {
              "CreatedBy": "terraform",
              "Environment": "dev",
              "ManagedBy": "Terraform",
              "Name": "domain-join-automation-dev-vpc",
              "Project": "domain-join-automation",
              "Type": "VPC"
            }
          },
          "sensitive_attributes": [],
          "private": "eyJzY2hlbWFfdmVyc2lvbiI6IjEifQ=="
        }
      ]
    }
  ],
  "check_results": null
}
